{
  "version": 4,
  "terraform_version": "1.2.5",
  "serial": 14,
  "lineage": "dc7dba8d-0aee-2a51-1b24-ac23f7359dac",
  "outputs": {},
  "resources": [
    {
      "mode": "managed",
      "type": "aws_codebuild_project",
      "name": "eVision_codebuild",
      "provider": "provider[\"registry.terraform.io/hashicorp/aws\"]",
      "instances": [
        {
          "schema_version": 0,
          "attributes": {
            "arn": "arn:aws:codebuild:us-east-1:564571135814:project/codebuild-eVision-terraform-test",
            "artifacts": [
              {
                "artifact_identifier": "",
                "bucket_owner_access": "",
                "encryption_disabled": false,
                "location": "",
                "name": "",
                "namespace_type": "",
                "override_artifact_name": false,
                "packaging": "",
                "path": "",
                "type": "NO_ARTIFACTS"
              }
            ],
            "badge_enabled": false,
            "badge_url": "",
            "build_batch_config": [],
            "build_timeout": 120,
            "cache": [
              {
                "location": "",
                "modes": [],
                "type": "NO_CACHE"
              }
            ],
            "concurrent_build_limit": 0,
            "description": "Codebuild eVision with Terraform",
            "encryption_key": "arn:aws:kms:us-east-1:564571135814:alias/aws/s3",
            "environment": [
              {
                "certificate": "",
                "compute_type": "BUILD_GENERAL1_SMALL",
                "environment_variable": [
                  {
                    "name": "AWS_ACCOUNT_ID",
                    "type": "PLAINTEXT",
                    "value": "564571135814"
                  },
                  {
                    "name": "AWS_DEFAULT_REGION",
                    "type": "PLAINTEXT",
                    "value": "us-east-1"
                  },
                  {
                    "name": "IMAGE_REPO_NAME",
                    "type": "PLAINTEXT",
                    "value": "evision"
                  },
                  {
                    "name": "IMAGE_TAG",
                    "type": "PLAINTEXT",
                    "value": "1.0.0"
                  }
                ],
                "image": "aws/codebuild/standard:4.0",
                "image_pull_credentials_type": "CODEBUILD",
                "privileged_mode": true,
                "registry_credential": [],
                "type": "LINUX_CONTAINER"
              }
            ],
            "file_system_locations": [],
            "id": "arn:aws:codebuild:us-east-1:564571135814:project/codebuild-eVision-terraform-test",
            "logs_config": [
              {
                "cloudwatch_logs": [
                  {
                    "group_name": "log-group",
                    "status": "ENABLED",
                    "stream_name": "log-stream"
                  }
                ],
                "s3_logs": [
                  {
                    "bucket_owner_access": "",
                    "encryption_disabled": false,
                    "location": "",
                    "status": "DISABLED"
                  }
                ]
              }
            ],
            "name": "codebuild-eVision-terraform-test",
            "project_visibility": "PRIVATE",
            "public_project_alias": "",
            "queued_timeout": 480,
            "resource_access_role": "",
            "secondary_artifacts": [],
            "secondary_source_version": [],
            "secondary_sources": [],
            "service_role": "arn:aws:iam::564571135814:role/AWSServiceRoleTerraform",
            "source": [
              {
                "auth": [],
                "build_status_config": [],
                "buildspec": "",
                "git_clone_depth": 1,
                "git_submodules_config": [
                  {
                    "fetch_submodules": true
                  }
                ],
                "insecure_ssl": false,
                "location": "https://github.com/AppleJuiceAndCookies/eVision-docker.git",
                "report_build_status": false,
                "type": "GITHUB"
              }
            ],
            "source_version": "",
            "tags": null,
            "tags_all": {},
            "vpc_config": []
          },
          "sensitive_attributes": [],
          "private": "bnVsbA=="
        }
      ]
    },
    {
      "mode": "managed",
      "type": "aws_key_pair",
      "name": "builder",
      "provider": "provider[\"registry.terraform.io/hashicorp/aws\"]",
      "instances": [
        {
          "schema_version": 1,
          "attributes": {
            "arn": "arn:aws:ec2:us-east-1:564571135814:key-pair/Terraform",
            "fingerprint": "27:03:6e:63:d6:2b:3e:89:80:27:11:15:c1:f5:84:54",
            "id": "Terraform",
            "key_name": "Terraform",
            "key_name_prefix": "",
            "key_pair_id": "key-02e20f3b273a5eb5c",
            "public_key": "ssh-rsa AAAAB3NzaC1yc2EAAAADAQABAAABgQDjf8l5Q1gFqQL43Mpav2OhKksPu7Qev4C1Dc2tpKRCmxqmuOEr3u1S5G/Ogx7ST4r2M8xjT1TphKNVTbxQUgbrBOD9IK8MiEcSAWSMdc34OOrbgWqxm8cVpbZQpSfpzdl2WUkragMkzEqZTNipWz0kmMhYDJjGQJglUpmaWJ0wRJzjZboKzPP9Qxo/T6q9pghufaD+YiUh0Sx0EAKIok1z/GbEda9vihKM3d3ln8vDlsRgG2Y6oQfeBFgtCiJ2+iVYMbbj5uIT92h+uTO4KGdHepNZsnTA0PIKfi4/Swr+Ngmy1vs2dhzgQC2V0wDKtUhkQZSjzhaky7NSJCZNN5+5+EMz6Cv//H4AaI7rh0GrTAHiMvtF33bAjROFlO5ux7RrXaeKY5txAX6zYnbC72eUkAEGHea7VFb9IfG7nenYaG9Bj4K0gJjfxZU1BqlCx/YPMYTqgNjWKJVWsHhIWe7UOGnxjYYVsHYRXbFzIP0lnCA/fNMFoXK+Wxp53dVGKv8= julia@MBP-Julia.N4",
            "tags": {},
            "tags_all": {}
          },
          "sensitive_attributes": [],
          "private": "eyJzY2hlbWFfdmVyc2lvbiI6IjEifQ=="
        }
      ]
    }
  ]
}
