{
  "version": 4,
  "terraform_version": "1.2.5",
  "serial": 163,
  "lineage": "5fa4f4da-8d74-ce1a-e840-9f79bcdc2cf6",
  "outputs": {},
  "resources": [
    {
      "mode": "data",
      "type": "template_file",
      "name": "eVision_buildspec",
      "provider": "provider[\"registry.terraform.io/hashicorp/template\"]",
      "instances": [
        {
          "schema_version": 0,
          "attributes": {
            "filename": null,
            "id": "95ae354a6508c4bc02dd54ff510a7429126a653a592b9af4e387302d1db5e338",
            "rendered": "version: 0.2\n\nphases:\n  pre_build:\n    commands:\n      - echo Build started on `date`\n      - VERSION=`cat version`\n      - echo Logging in to Amazon ECR\n      - aws ecr get-login-password --region $AWS_DEFAULT_REGION | docker login --username AWS --password-stdin $REPOSITORY_URI \n  build:\n    commands:\n      - echo Building the Docker image $REPOSITORY_URI/$IMAGE_REPO_NAME:$VERSION\n      - docker build . --build-arg IMAGE_TAG=$VERSION --tag $REPOSITORY_URI/$IMAGE_REPO_NAME:$VERSION\n      - docker tag $REPOSITORY_URI/$IMAGE_REPO_NAME:$VERSION $REPOSITORY_URI/$IMAGE_REPO_NAME:latest\n      - echo Build completed on `date`\n  post_build:\n    commands:\n      - echo Pushing the Docker image\n      - docker push $REPOSITORY_URI/$IMAGE_REPO_NAME:latest\n      - docker push $REPOSITORY_URI/$IMAGE_REPO_NAME:$VERSION\n      - printf '[{\"name\":\"eVision-task\",\"imageUri\":\"%s\"}]' $REPOSITORY_URI/$IMAGE_REPO_NAME:latest \u003e imagedefinitions.json\n  \nartifacts:\n  files: imagedefinitions.json",
            "template": "version: 0.2\n\nphases:\n  pre_build:\n    commands:\n      - echo Build started on `date`\n      - VERSION=`cat version`\n      - echo Logging in to Amazon ECR\n      - aws ecr get-login-password --region $AWS_DEFAULT_REGION | docker login --username AWS --password-stdin $REPOSITORY_URI \n  build:\n    commands:\n      - echo Building the Docker image $REPOSITORY_URI/$IMAGE_REPO_NAME:$VERSION\n      - docker build . --build-arg IMAGE_TAG=$VERSION --tag $REPOSITORY_URI/$IMAGE_REPO_NAME:$VERSION\n      - docker tag $REPOSITORY_URI/$IMAGE_REPO_NAME:$VERSION $REPOSITORY_URI/$IMAGE_REPO_NAME:latest\n      - echo Build completed on `date`\n  post_build:\n    commands:\n      - echo Pushing the Docker image\n      - docker push $REPOSITORY_URI/$IMAGE_REPO_NAME:latest\n      - docker push $REPOSITORY_URI/$IMAGE_REPO_NAME:$VERSION\n      - printf '[{\"name\":\"eVision-task\",\"imageUri\":\"%s\"}]' $REPOSITORY_URI/$IMAGE_REPO_NAME:latest \u003e imagedefinitions.json\n  \nartifacts:\n  files: imagedefinitions.json",
            "vars": {
              "env": "prom"
            }
          },
          "sensitive_attributes": []
        }
      ]
    },
    {
      "mode": "managed",
      "type": "aws_alb",
      "name": "eVision_alb",
      "provider": "provider[\"registry.terraform.io/hashicorp/aws\"]",
      "instances": [
        {
          "schema_version": 0,
          "attributes": {
            "access_logs": [
              {
                "bucket": "",
                "enabled": false,
                "prefix": ""
              }
            ],
            "arn": "arn:aws:elasticloadbalancing:us-east-1:564571135814:loadbalancer/app/eVision-lb-tf/ac58e716d41fa700",
            "arn_suffix": "app/eVision-lb-tf/ac58e716d41fa700",
            "customer_owned_ipv4_pool": "",
            "desync_mitigation_mode": "defensive",
            "dns_name": "eVision-lb-tf-356424196.us-east-1.elb.amazonaws.com",
            "drop_invalid_header_fields": false,
            "enable_cross_zone_load_balancing": null,
            "enable_deletion_protection": false,
            "enable_http2": true,
            "enable_waf_fail_open": false,
            "id": "arn:aws:elasticloadbalancing:us-east-1:564571135814:loadbalancer/app/eVision-lb-tf/ac58e716d41fa700",
            "idle_timeout": 60,
            "internal": false,
            "ip_address_type": "ipv4",
            "load_balancer_type": "application",
            "name": "eVision-lb-tf",
            "name_prefix": null,
            "preserve_host_header": false,
            "security_groups": [
              "sg-00027e2e6af09a26b"
            ],
            "subnet_mapping": [
              {
                "allocation_id": "",
                "ipv6_address": "",
                "outpost_id": "",
                "private_ipv4_address": "",
                "subnet_id": "subnet-0b083bbf28e9f806a"
              },
              {
                "allocation_id": "",
                "ipv6_address": "",
                "outpost_id": "",
                "private_ipv4_address": "",
                "subnet_id": "subnet-0d7c7aebbe7de53a8"
              },
              {
                "allocation_id": "",
                "ipv6_address": "",
                "outpost_id": "",
                "private_ipv4_address": "",
                "subnet_id": "subnet-0f5126090bd36b4a5"
              }
            ],
            "subnets": [
              "subnet-0b083bbf28e9f806a",
              "subnet-0d7c7aebbe7de53a8",
              "subnet-0f5126090bd36b4a5"
            ],
            "tags": {},
            "tags_all": {},
            "timeouts": null,
            "vpc_id": "vpc-03e54d41b004a16bc",
            "zone_id": "Z35SXDOTRQ7X7K"
          },
          "sensitive_attributes": [],
          "private": "eyJlMmJmYjczMC1lY2FhLTExZTYtOGY4OC0zNDM2M2JjN2M0YzAiOnsiY3JlYXRlIjo2MDAwMDAwMDAwMDAsImRlbGV0ZSI6NjAwMDAwMDAwMDAwLCJ1cGRhdGUiOjYwMDAwMDAwMDAwMH19",
          "dependencies": [
            "aws_default_subnet.eVision_default_subnet_a",
            "aws_default_subnet.eVision_default_subnet_b",
            "aws_default_subnet.eVision_default_subnet_c",
            "aws_security_group.eVision_lb_sg"
          ]
        }
      ]
    },
    {
      "mode": "managed",
      "type": "aws_alb_listener",
      "name": "eVision_listener",
      "provider": "provider[\"registry.terraform.io/hashicorp/aws\"]",
      "instances": [
        {
          "schema_version": 0,
          "attributes": {
            "alpn_policy": null,
            "arn": "arn:aws:elasticloadbalancing:us-east-1:564571135814:listener/app/eVision-lb-tf/ac58e716d41fa700/96adce06b0e9431d",
            "certificate_arn": null,
            "default_action": [
              {
                "authenticate_cognito": [],
                "authenticate_oidc": [],
                "fixed_response": [],
                "forward": [],
                "order": 1,
                "redirect": [],
                "target_group_arn": "arn:aws:elasticloadbalancing:us-east-1:564571135814:targetgroup/eVision-tg-primary/b86558126fcddd45",
                "type": "forward"
              }
            ],
            "id": "arn:aws:elasticloadbalancing:us-east-1:564571135814:listener/app/eVision-lb-tf/ac58e716d41fa700/96adce06b0e9431d",
            "load_balancer_arn": "arn:aws:elasticloadbalancing:us-east-1:564571135814:loadbalancer/app/eVision-lb-tf/ac58e716d41fa700",
            "port": 80,
            "protocol": "HTTP",
            "ssl_policy": "",
            "tags": {},
            "tags_all": {},
            "timeouts": null
          },
          "sensitive_attributes": [],
          "private": "eyJlMmJmYjczMC1lY2FhLTExZTYtOGY4OC0zNDM2M2JjN2M0YzAiOnsicmVhZCI6NjAwMDAwMDAwMDAwfX0=",
          "dependencies": [
            "aws_alb.eVision_alb",
            "aws_alb_target_group.eVision_target_group",
            "aws_default_subnet.eVision_default_subnet_a",
            "aws_default_subnet.eVision_default_subnet_b",
            "aws_default_subnet.eVision_default_subnet_c",
            "aws_default_vpc.eVision_default_vpc",
            "aws_security_group.eVision_lb_sg"
          ]
        }
      ]
    },
    {
      "mode": "managed",
      "type": "aws_alb_listener_rule",
      "name": "eVision_lb_listener_rule",
      "provider": "provider[\"registry.terraform.io/hashicorp/aws\"]",
      "instances": [
        {
          "index_key": 0,
          "schema_version": 0,
          "attributes": {
            "action": [
              {
                "authenticate_cognito": [],
                "authenticate_oidc": [],
                "fixed_response": [],
                "forward": [],
                "order": 1,
                "redirect": [],
                "target_group_arn": "arn:aws:elasticloadbalancing:us-east-1:564571135814:targetgroup/eVision-tg-primary/b86558126fcddd45",
                "type": "forward"
              }
            ],
            "arn": "arn:aws:elasticloadbalancing:us-east-1:564571135814:listener-rule/app/eVision-lb-tf/ac58e716d41fa700/96adce06b0e9431d/01613060911a0669",
            "condition": [
              {
                "host_header": [
                  {
                    "values": [
                      "*.amazonaws.com"
                    ]
                  }
                ],
                "http_header": [],
                "http_request_method": [],
                "path_pattern": [],
                "query_string": [],
                "source_ip": []
              }
            ],
            "id": "arn:aws:elasticloadbalancing:us-east-1:564571135814:listener-rule/app/eVision-lb-tf/ac58e716d41fa700/96adce06b0e9431d/01613060911a0669",
            "listener_arn": "arn:aws:elasticloadbalancing:us-east-1:564571135814:listener/app/eVision-lb-tf/ac58e716d41fa700/96adce06b0e9431d",
            "priority": 1,
            "tags": {},
            "tags_all": {}
          },
          "sensitive_attributes": [],
          "private": "bnVsbA==",
          "dependencies": [
            "aws_alb.eVision_alb",
            "aws_alb_listener.eVision_listener",
            "aws_alb_target_group.eVision_target_group",
            "aws_default_subnet.eVision_default_subnet_a",
            "aws_default_subnet.eVision_default_subnet_b",
            "aws_default_subnet.eVision_default_subnet_c",
            "aws_default_vpc.eVision_default_vpc",
            "aws_security_group.eVision_lb_sg"
          ]
        },
        {
          "index_key": 1,
          "schema_version": 0,
          "attributes": {
            "action": [
              {
                "authenticate_cognito": [],
                "authenticate_oidc": [],
                "fixed_response": [],
                "forward": [],
                "order": 1,
                "redirect": [],
                "target_group_arn": "arn:aws:elasticloadbalancing:us-east-1:564571135814:targetgroup/eVision-tg-secondary/f8ac326a198aa5f7",
                "type": "forward"
              }
            ],
            "arn": "arn:aws:elasticloadbalancing:us-east-1:564571135814:listener-rule/app/eVision-lb-tf/ac58e716d41fa700/96adce06b0e9431d/704836cf0a48007f",
            "condition": [
              {
                "host_header": [
                  {
                    "values": [
                      "*.amazonaws.com"
                    ]
                  }
                ],
                "http_header": [],
                "http_request_method": [],
                "path_pattern": [],
                "query_string": [],
                "source_ip": []
              }
            ],
            "id": "arn:aws:elasticloadbalancing:us-east-1:564571135814:listener-rule/app/eVision-lb-tf/ac58e716d41fa700/96adce06b0e9431d/704836cf0a48007f",
            "listener_arn": "arn:aws:elasticloadbalancing:us-east-1:564571135814:listener/app/eVision-lb-tf/ac58e716d41fa700/96adce06b0e9431d",
            "priority": 2,
            "tags": {},
            "tags_all": {}
          },
          "sensitive_attributes": [],
          "private": "bnVsbA==",
          "dependencies": [
            "aws_alb.eVision_alb",
            "aws_alb_listener.eVision_listener",
            "aws_alb_target_group.eVision_target_group",
            "aws_default_subnet.eVision_default_subnet_a",
            "aws_default_subnet.eVision_default_subnet_b",
            "aws_default_subnet.eVision_default_subnet_c",
            "aws_default_vpc.eVision_default_vpc",
            "aws_security_group.eVision_lb_sg"
          ]
        }
      ]
    },
    {
      "mode": "managed",
      "type": "aws_alb_target_group",
      "name": "eVision_target_group",
      "provider": "provider[\"registry.terraform.io/hashicorp/aws\"]",
      "instances": [
        {
          "index_key": 0,
          "schema_version": 0,
          "attributes": {
            "arn": "arn:aws:elasticloadbalancing:us-east-1:564571135814:targetgroup/eVision-tg-primary/b86558126fcddd45",
            "arn_suffix": "targetgroup/eVision-tg-primary/b86558126fcddd45",
            "connection_termination": false,
            "deregistration_delay": "300",
            "health_check": [
              {
                "enabled": true,
                "healthy_threshold": 3,
                "interval": 30,
                "matcher": "200-299",
                "path": "/success",
                "port": "traffic-port",
                "protocol": "HTTP",
                "timeout": 5,
                "unhealthy_threshold": 3
              }
            ],
            "id": "arn:aws:elasticloadbalancing:us-east-1:564571135814:targetgroup/eVision-tg-primary/b86558126fcddd45",
            "ip_address_type": null,
            "lambda_multi_value_headers_enabled": false,
            "load_balancing_algorithm_type": "round_robin",
            "name": "eVision-tg-primary",
            "name_prefix": null,
            "port": 8080,
            "preserve_client_ip": null,
            "protocol": "HTTP",
            "protocol_version": "HTTP1",
            "proxy_protocol_v2": false,
            "slow_start": 0,
            "stickiness": [
              {
                "cookie_duration": 86400,
                "cookie_name": "",
                "enabled": false,
                "type": "lb_cookie"
              }
            ],
            "tags": {},
            "tags_all": {},
            "target_type": "ip",
            "vpc_id": "vpc-03e54d41b004a16bc"
          },
          "sensitive_attributes": [],
          "private": "bnVsbA==",
          "dependencies": [
            "aws_default_vpc.eVision_default_vpc"
          ]
        },
        {
          "index_key": 1,
          "schema_version": 0,
          "attributes": {
            "arn": "arn:aws:elasticloadbalancing:us-east-1:564571135814:targetgroup/eVision-tg-secondary/f8ac326a198aa5f7",
            "arn_suffix": "targetgroup/eVision-tg-secondary/f8ac326a198aa5f7",
            "connection_termination": false,
            "deregistration_delay": "300",
            "health_check": [
              {
                "enabled": true,
                "healthy_threshold": 3,
                "interval": 30,
                "matcher": "200-299",
                "path": "/success",
                "port": "traffic-port",
                "protocol": "HTTP",
                "timeout": 5,
                "unhealthy_threshold": 3
              }
            ],
            "id": "arn:aws:elasticloadbalancing:us-east-1:564571135814:targetgroup/eVision-tg-secondary/f8ac326a198aa5f7",
            "ip_address_type": null,
            "lambda_multi_value_headers_enabled": false,
            "load_balancing_algorithm_type": "round_robin",
            "name": "eVision-tg-secondary",
            "name_prefix": null,
            "port": 8080,
            "preserve_client_ip": null,
            "protocol": "HTTP",
            "protocol_version": "HTTP1",
            "proxy_protocol_v2": false,
            "slow_start": 0,
            "stickiness": [
              {
                "cookie_duration": 86400,
                "cookie_name": "",
                "enabled": false,
                "type": "lb_cookie"
              }
            ],
            "tags": {},
            "tags_all": {},
            "target_type": "ip",
            "vpc_id": "vpc-03e54d41b004a16bc"
          },
          "sensitive_attributes": [],
          "private": "bnVsbA==",
          "dependencies": [
            "aws_default_vpc.eVision_default_vpc"
          ]
        }
      ]
    },
    {
      "mode": "managed",
      "type": "aws_codebuild_project",
      "name": "eVision_build",
      "provider": "provider[\"registry.terraform.io/hashicorp/aws\"]",
      "instances": [
        {
          "schema_version": 0,
          "attributes": {
            "arn": "arn:aws:codebuild:us-east-1:564571135814:project/eVision-build",
            "artifacts": [
              {
                "artifact_identifier": "",
                "bucket_owner_access": "",
                "encryption_disabled": false,
                "location": "",
                "name": "eVision-build-prom",
                "namespace_type": "",
                "override_artifact_name": false,
                "packaging": "NONE",
                "path": "",
                "type": "CODEPIPELINE"
              }
            ],
            "badge_enabled": false,
            "badge_url": "",
            "build_batch_config": [],
            "build_timeout": 60,
            "cache": [
              {
                "location": "",
                "modes": [],
                "type": "NO_CACHE"
              }
            ],
            "concurrent_build_limit": 0,
            "description": "",
            "encryption_key": "arn:aws:kms:us-east-1:564571135814:alias/aws/s3",
            "environment": [
              {
                "certificate": "",
                "compute_type": "BUILD_GENERAL1_SMALL",
                "environment_variable": [],
                "image": "aws/codebuild/amazonlinux2-x86_64-standard:2.0",
                "image_pull_credentials_type": "CODEBUILD",
                "privileged_mode": true,
                "registry_credential": [],
                "type": "LINUX_CONTAINER"
              }
            ],
            "file_system_locations": [],
            "id": "arn:aws:codebuild:us-east-1:564571135814:project/eVision-build",
            "logs_config": [
              {
                "cloudwatch_logs": [
                  {
                    "group_name": "",
                    "status": "ENABLED",
                    "stream_name": ""
                  }
                ],
                "s3_logs": [
                  {
                    "bucket_owner_access": "",
                    "encryption_disabled": false,
                    "location": "",
                    "status": "DISABLED"
                  }
                ]
              }
            ],
            "name": "eVision-build",
            "project_visibility": "PRIVATE",
            "public_project_alias": "",
            "queued_timeout": 480,
            "resource_access_role": "",
            "secondary_artifacts": [],
            "secondary_source_version": [],
            "secondary_sources": [],
            "service_role": "arn:aws:iam::564571135814:role/AWSPipelineRoleTerraform",
            "source": [
              {
                "auth": [],
                "build_status_config": [],
                "buildspec": "version: 0.2\n\nphases:\n  pre_build:\n    commands:\n      - echo Build started on `date`\n      - VERSION=`cat version`\n      - echo Logging in to Amazon ECR\n      - aws ecr get-login-password --region $AWS_DEFAULT_REGION | docker login --username AWS --password-stdin $REPOSITORY_URI \n  build:\n    commands:\n      - echo Building the Docker image $REPOSITORY_URI/$IMAGE_REPO_NAME:$VERSION\n      - docker build . --build-arg IMAGE_TAG=$VERSION --tag $REPOSITORY_URI/$IMAGE_REPO_NAME:$VERSION\n      - docker tag $REPOSITORY_URI/$IMAGE_REPO_NAME:$VERSION $REPOSITORY_URI/$IMAGE_REPO_NAME:latest\n      - echo Build completed on `date`\n  post_build:\n    commands:\n      - echo Pushing the Docker image\n      - docker push $REPOSITORY_URI/$IMAGE_REPO_NAME:latest\n      - docker push $REPOSITORY_URI/$IMAGE_REPO_NAME:$VERSION\n      - printf '[{\"name\":\"eVision-task\",\"imageUri\":\"%s\"}]' $REPOSITORY_URI/$IMAGE_REPO_NAME:latest \u003e imagedefinitions.json\n  \nartifacts:\n  files: imagedefinitions.json",
                "git_clone_depth": 0,
                "git_submodules_config": [],
                "insecure_ssl": true,
                "location": "",
                "report_build_status": false,
                "type": "CODEPIPELINE"
              }
            ],
            "source_version": "",
            "tags": {
              "Environment": "prom"
            },
            "tags_all": {
              "Environment": "prom"
            },
            "vpc_config": []
          },
          "sensitive_attributes": [],
          "private": "bnVsbA==",
          "dependencies": [
            "data.template_file.eVision_buildspec"
          ]
        }
      ]
    },
    {
      "mode": "managed",
      "type": "aws_codedeploy_app",
      "name": "eVision_codedeploy_app",
      "provider": "provider[\"registry.terraform.io/hashicorp/aws\"]",
      "instances": [
        {
          "schema_version": 0,
          "attributes": {
            "application_id": "7900296b-0488-452c-bf78-d4bd2224de30",
            "arn": "arn:aws:codedeploy:us-east-1:564571135814:application:eVision-service-deploy",
            "compute_platform": "ECS",
            "github_account_name": "",
            "id": "7900296b-0488-452c-bf78-d4bd2224de30:eVision-service-deploy",
            "linked_to_github": false,
            "name": "eVision-service-deploy",
            "tags": {},
            "tags_all": {}
          },
          "sensitive_attributes": [],
          "private": "bnVsbA=="
        }
      ]
    },
    {
      "mode": "managed",
      "type": "aws_codedeploy_deployment_group",
      "name": "eVision_codedeploy_deployment_group",
      "provider": "provider[\"registry.terraform.io/hashicorp/aws\"]",
      "instances": [
        {
          "schema_version": 0,
          "attributes": {
            "alarm_configuration": [],
            "app_name": "eVision-service-deploy",
            "arn": "arn:aws:codedeploy:us-east-1:564571135814:deploymentgroup:eVision-service-deploy/eVision-service-deploy-group",
            "auto_rollback_configuration": [
              {
                "enabled": true,
                "events": [
                  "DEPLOYMENT_FAILURE"
                ]
              }
            ],
            "autoscaling_groups": null,
            "blue_green_deployment_config": [
              {
                "deployment_ready_option": [
                  {
                    "action_on_timeout": "CONTINUE_DEPLOYMENT",
                    "wait_time_in_minutes": 0
                  }
                ],
                "green_fleet_provisioning_option": [],
                "terminate_blue_instances_on_deployment_success": [
                  {
                    "action": "TERMINATE",
                    "termination_wait_time_in_minutes": 5
                  }
                ]
              }
            ],
            "compute_platform": "ECS",
            "deployment_config_name": "CodeDeployDefault.ECSAllAtOnce",
            "deployment_group_id": "96e9f667-a2c1-47b0-a4fb-8e31b93c96dc",
            "deployment_group_name": "eVision-service-deploy-group",
            "deployment_style": [
              {
                "deployment_option": "WITH_TRAFFIC_CONTROL",
                "deployment_type": "BLUE_GREEN"
              }
            ],
            "ec2_tag_filter": [],
            "ec2_tag_set": [],
            "ecs_service": [
              {
                "cluster_name": "eVision-cluster",
                "service_name": "eVision-service"
              }
            ],
            "id": "96e9f667-a2c1-47b0-a4fb-8e31b93c96dc",
            "load_balancer_info": [
              {
                "elb_info": [],
                "target_group_info": [],
                "target_group_pair_info": [
                  {
                    "prod_traffic_route": [
                      {
                        "listener_arns": [
                          "arn:aws:elasticloadbalancing:us-east-1:564571135814:listener/app/eVision-lb-tf/ac58e716d41fa700/96adce06b0e9431d"
                        ]
                      }
                    ],
                    "target_group": [
                      {
                        "name": "eVision-tg-primary"
                      },
                      {
                        "name": "eVision-tg-secondary"
                      }
                    ],
                    "test_traffic_route": []
                  }
                ]
              }
            ],
            "on_premises_instance_tag_filter": [],
            "service_role_arn": "arn:aws:iam::564571135814:role/AWSPipelineRoleTerraform",
            "tags": null,
            "tags_all": {},
            "trigger_configuration": []
          },
          "sensitive_attributes": [],
          "private": "bnVsbA==",
          "dependencies": [
            "aws_alb_listener.eVision_listener",
            "aws_alb_target_group.eVision_target_group",
            "aws_codedeploy_app.eVision_codedeploy_app",
            "aws_default_subnet.eVision_default_subnet_a",
            "aws_default_subnet.eVision_default_subnet_b",
            "aws_default_subnet.eVision_default_subnet_c",
            "aws_ecs_cluster.eVision_ecs_cluster",
            "aws_ecs_service.eVision_service",
            "aws_ecs_task_definition.eVision_task",
            "aws_security_group.eVision_service_sg"
          ]
        }
      ]
    },
    {
      "mode": "managed",
      "type": "aws_codepipeline",
      "name": "eVision_pipeline",
      "provider": "provider[\"registry.terraform.io/hashicorp/aws\"]",
      "instances": [
        {
          "schema_version": 0,
          "attributes": {
            "arn": "arn:aws:codepipeline:us-east-1:564571135814:eVision-pipeline",
            "artifact_store": [
              {
                "encryption_key": [],
                "location": "evision",
                "region": "",
                "type": "S3"
              }
            ],
            "id": "eVision-pipeline",
            "name": "eVision-pipeline",
            "role_arn": "arn:aws:iam::564571135814:role/AWSPipelineRoleTerraform",
            "stage": [
              {
                "action": [
                  {
                    "category": "Source",
                    "configuration": {
                      "BranchName": "main",
                      "ConnectionArn": "arn:aws:codestar-connections:us-east-1:564571135814:connection/602315db-3dc8-4cd4-9d24-044f7b36e9e3",
                      "FullRepositoryId": "AppleJuiceAndCookies/eVision-docker",
                      "OutputArtifactFormat": "CODE_ZIP"
                    },
                    "input_artifacts": [],
                    "name": "Source",
                    "namespace": "",
                    "output_artifacts": [
                      "SourceArtifact"
                    ],
                    "owner": "AWS",
                    "provider": "CodeStarSourceConnection",
                    "region": "us-east-1",
                    "role_arn": "",
                    "run_order": 1,
                    "version": "1"
                  }
                ],
                "name": "Source"
              },
              {
                "action": [
                  {
                    "category": "Build",
                    "configuration": {
                      "EnvironmentVariables": "[{\"name\":\"environment\",\"type\":\"PLAINTEXT\",\"value\":\"prom\"},{\"name\":\"IMAGE_REPO_NAME\",\"type\":\"PLAINTEXT\",\"value\":\"evision\"},{\"name\":\"ACCOUNT_ID\",\"type\":\"PLAINTEXT\",\"value\":\"564571135814\"},{\"name\":\"AWS_DEFAULT_REGION\",\"type\":\"PLAINTEXT\",\"value\":\"us-east-1\"},{\"name\":\"REPOSITORY_URI\",\"type\":\"PLAINTEXT\",\"value\":\"564571135814.dkr.ecr.us-east-1.amazonaws.com\"}]",
                      "ProjectName": "eVision-build"
                    },
                    "input_artifacts": [
                      "SourceArtifact"
                    ],
                    "name": "Build",
                    "namespace": "",
                    "output_artifacts": [
                      "BuildArtifact"
                    ],
                    "owner": "AWS",
                    "provider": "CodeBuild",
                    "region": "",
                    "role_arn": "",
                    "run_order": 1,
                    "version": "1"
                  }
                ],
                "name": "Build"
              },
              {
                "action": [
                  {
                    "category": "Deploy",
                    "configuration": {
                      "AppSpecTemplateArtifact": "BuildArtifact",
                      "AppSpecTemplatePath": "appspec.yml",
                      "ApplicationName": "eVision-service-deploy",
                      "DeploymentGroupName": "eVision-service-deploy-group",
                      "TaskDefinitionTemplateArtifact": "BuildArtifact",
                      "TaskDefinitionTemplatePath": "taskdef.json"
                    },
                    "input_artifacts": [
                      "BuildArtifact"
                    ],
                    "name": "Deploy",
                    "namespace": "",
                    "output_artifacts": [],
                    "owner": "AWS",
                    "provider": "CodeDeployToECS",
                    "region": "",
                    "role_arn": "",
                    "run_order": 1,
                    "version": "1"
                  }
                ],
                "name": "Deploy"
              }
            ],
            "tags": {
              "Environment": "prom",
              "Name": "eVision"
            },
            "tags_all": {
              "Environment": "prom",
              "Name": "eVision"
            }
          },
          "sensitive_attributes": [],
          "private": "bnVsbA==",
          "dependencies": [
            "aws_codestarconnections_connection.eVision"
          ]
        }
      ]
    },
    {
      "mode": "managed",
      "type": "aws_codepipeline_webhook",
      "name": "eVision_codepipeline_webhook",
      "provider": "provider[\"registry.terraform.io/hashicorp/aws\"]",
      "instances": [
        {
          "schema_version": 0,
          "attributes": {
            "arn": "arn:aws:codepipeline:us-east-1:564571135814:webhook:eVision-codepipeline-webhook",
            "authentication": "GITHUB_HMAC",
            "authentication_configuration": [
              {
                "allowed_ip_range": "",
                "secret_token": "NYl9hBCIiRlloOO5W6ZMGDuVAGwGTcCnDiFWMBHmaZHsxkISZzx2ragS2LyG5qvCH9ajyGbye29AYbeEy8XvZP2Hw36lplFVvC9"
              }
            ],
            "filter": [
              {
                "json_path": "$.ref",
                "match_equals": "refs/heads/{Branch}"
              }
            ],
            "id": "arn:aws:codepipeline:us-east-1:564571135814:webhook:eVision-codepipeline-webhook",
            "name": "eVision-codepipeline-webhook",
            "tags": {},
            "tags_all": {},
            "target_action": "Source",
            "target_pipeline": "eVision-pipeline",
            "url": "https://us-east-1.webhooks.aws/trigger?t=eyJlbmNyeXB0ZWREYXRhIjoiZFdMQXR0MFZkeHZSRHBGaGRPQVk4SVRFQmhuQk4xWk91N0FyWHhuS0RFb05TK3ZtcWVydFVJVW8vcTdORklVRTRGbGhpUy9VZzU4RHBqNC9NWExBVXdCSlVvQ3JRSWQzY2RoQ0ROejg5ajQrTmhDQURpR1VrTVgvZXR2UmlVWlJ6amNQUHdWUTMxMVV0cFloNE43K1MxTWdEYTFodVJyNjE0MWplOElJd3dyRmlBPT0iLCJpdlBhcmFtZXRlclNwZWMiOiJKMk95a0RleTZGRVBJWWRBIiwibWF0ZXJpYWxTZXRTZXJpYWwiOjF9\u0026v=1"
          },
          "sensitive_attributes": [],
          "private": "bnVsbA==",
          "dependencies": [
            "aws_codepipeline.eVision_pipeline",
            "aws_codestarconnections_connection.eVision",
            "random_string.eVision_github_secret"
          ]
        }
      ]
    },
    {
      "mode": "managed",
      "type": "aws_codestarconnections_connection",
      "name": "eVision",
      "provider": "provider[\"registry.terraform.io/hashicorp/aws\"]",
      "instances": [
        {
          "schema_version": 0,
          "attributes": {
            "arn": "arn:aws:codestar-connections:us-east-1:564571135814:connection/602315db-3dc8-4cd4-9d24-044f7b36e9e3",
            "connection_status": "AVAILABLE",
            "host_arn": "",
            "id": "arn:aws:codestar-connections:us-east-1:564571135814:connection/602315db-3dc8-4cd4-9d24-044f7b36e9e3",
            "name": "eVisionGitHub",
            "provider_type": "GitHub",
            "tags": {},
            "tags_all": {}
          },
          "sensitive_attributes": [],
          "private": "bnVsbA=="
        }
      ]
    },
    {
      "mode": "managed",
      "type": "aws_default_subnet",
      "name": "eVision_default_subnet_a",
      "provider": "provider[\"registry.terraform.io/hashicorp/aws\"]",
      "instances": [
        {
          "schema_version": 1,
          "attributes": {
            "arn": "arn:aws:ec2:us-east-1:564571135814:subnet/subnet-0b083bbf28e9f806a",
            "assign_ipv6_address_on_creation": false,
            "availability_zone": "us-east-1a",
            "availability_zone_id": "use1-az6",
            "cidr_block": "172.31.32.0/20",
            "customer_owned_ipv4_pool": "",
            "enable_dns64": false,
            "enable_resource_name_dns_a_record_on_launch": false,
            "enable_resource_name_dns_aaaa_record_on_launch": false,
            "existing_default_subnet": true,
            "force_destroy": false,
            "id": "subnet-0b083bbf28e9f806a",
            "ipv6_cidr_block": "",
            "ipv6_cidr_block_association_id": "",
            "ipv6_native": false,
            "map_customer_owned_ip_on_launch": false,
            "map_public_ip_on_launch": true,
            "outpost_arn": "",
            "owner_id": "564571135814",
            "private_dns_hostname_type_on_launch": "ip-name",
            "tags": {},
            "tags_all": {},
            "timeouts": null,
            "vpc_id": "vpc-03e54d41b004a16bc"
          },
          "sensitive_attributes": [],
          "private": "eyJlMmJmYjczMC1lY2FhLTExZTYtOGY4OC0zNDM2M2JjN2M0YzAiOnsiY3JlYXRlIjo2MDAwMDAwMDAwMDAsImRlbGV0ZSI6MTIwMDAwMDAwMDAwMH0sInNjaGVtYV92ZXJzaW9uIjoiMSJ9"
        }
      ]
    },
    {
      "mode": "managed",
      "type": "aws_default_subnet",
      "name": "eVision_default_subnet_b",
      "provider": "provider[\"registry.terraform.io/hashicorp/aws\"]",
      "instances": [
        {
          "schema_version": 1,
          "attributes": {
            "arn": "arn:aws:ec2:us-east-1:564571135814:subnet/subnet-0f5126090bd36b4a5",
            "assign_ipv6_address_on_creation": false,
            "availability_zone": "us-east-1b",
            "availability_zone_id": "use1-az1",
            "cidr_block": "172.31.0.0/20",
            "customer_owned_ipv4_pool": "",
            "enable_dns64": false,
            "enable_resource_name_dns_a_record_on_launch": false,
            "enable_resource_name_dns_aaaa_record_on_launch": false,
            "existing_default_subnet": true,
            "force_destroy": false,
            "id": "subnet-0f5126090bd36b4a5",
            "ipv6_cidr_block": "",
            "ipv6_cidr_block_association_id": "",
            "ipv6_native": false,
            "map_customer_owned_ip_on_launch": false,
            "map_public_ip_on_launch": true,
            "outpost_arn": "",
            "owner_id": "564571135814",
            "private_dns_hostname_type_on_launch": "ip-name",
            "tags": {},
            "tags_all": {},
            "timeouts": null,
            "vpc_id": "vpc-03e54d41b004a16bc"
          },
          "sensitive_attributes": [],
          "private": "eyJlMmJmYjczMC1lY2FhLTExZTYtOGY4OC0zNDM2M2JjN2M0YzAiOnsiY3JlYXRlIjo2MDAwMDAwMDAwMDAsImRlbGV0ZSI6MTIwMDAwMDAwMDAwMH0sInNjaGVtYV92ZXJzaW9uIjoiMSJ9"
        }
      ]
    },
    {
      "mode": "managed",
      "type": "aws_default_subnet",
      "name": "eVision_default_subnet_c",
      "provider": "provider[\"registry.terraform.io/hashicorp/aws\"]",
      "instances": [
        {
          "schema_version": 1,
          "attributes": {
            "arn": "arn:aws:ec2:us-east-1:564571135814:subnet/subnet-0d7c7aebbe7de53a8",
            "assign_ipv6_address_on_creation": false,
            "availability_zone": "us-east-1c",
            "availability_zone_id": "use1-az2",
            "cidr_block": "172.31.80.0/20",
            "customer_owned_ipv4_pool": "",
            "enable_dns64": false,
            "enable_resource_name_dns_a_record_on_launch": false,
            "enable_resource_name_dns_aaaa_record_on_launch": false,
            "existing_default_subnet": true,
            "force_destroy": false,
            "id": "subnet-0d7c7aebbe7de53a8",
            "ipv6_cidr_block": "",
            "ipv6_cidr_block_association_id": "",
            "ipv6_native": false,
            "map_customer_owned_ip_on_launch": false,
            "map_public_ip_on_launch": true,
            "outpost_arn": "",
            "owner_id": "564571135814",
            "private_dns_hostname_type_on_launch": "ip-name",
            "tags": {},
            "tags_all": {},
            "timeouts": null,
            "vpc_id": "vpc-03e54d41b004a16bc"
          },
          "sensitive_attributes": [],
          "private": "eyJlMmJmYjczMC1lY2FhLTExZTYtOGY4OC0zNDM2M2JjN2M0YzAiOnsiY3JlYXRlIjo2MDAwMDAwMDAwMDAsImRlbGV0ZSI6MTIwMDAwMDAwMDAwMH0sInNjaGVtYV92ZXJzaW9uIjoiMSJ9"
        }
      ]
    },
    {
      "mode": "managed",
      "type": "aws_default_vpc",
      "name": "eVision_default_vpc",
      "provider": "provider[\"registry.terraform.io/hashicorp/aws\"]",
      "instances": [
        {
          "schema_version": 1,
          "attributes": {
            "arn": "arn:aws:ec2:us-east-1:564571135814:vpc/vpc-03e54d41b004a16bc",
            "assign_generated_ipv6_cidr_block": false,
            "cidr_block": "172.31.0.0/16",
            "default_network_acl_id": "acl-0f78894d2c03f0b5d",
            "default_route_table_id": "rtb-0763a777e3767aea7",
            "default_security_group_id": "sg-0e1db63dc7e5c3e4d",
            "dhcp_options_id": "dopt-0ad6fcbd55ff5c780",
            "enable_classiclink": false,
            "enable_classiclink_dns_support": false,
            "enable_dns_hostnames": true,
            "enable_dns_support": true,
            "existing_default_vpc": true,
            "force_destroy": false,
            "id": "vpc-03e54d41b004a16bc",
            "instance_tenancy": "default",
            "ipv6_association_id": "",
            "ipv6_cidr_block": "",
            "ipv6_cidr_block_network_border_group": "",
            "ipv6_ipam_pool_id": "",
            "ipv6_netmask_length": 0,
            "main_route_table_id": "rtb-0763a777e3767aea7",
            "owner_id": "564571135814",
            "tags": {},
            "tags_all": {}
          },
          "sensitive_attributes": [],
          "private": "eyJzY2hlbWFfdmVyc2lvbiI6IjEifQ=="
        }
      ]
    },
    {
      "mode": "managed",
      "type": "aws_ecs_cluster",
      "name": "eVision_ecs_cluster",
      "provider": "provider[\"registry.terraform.io/hashicorp/aws\"]",
      "instances": [
        {
          "schema_version": 0,
          "attributes": {
            "arn": "arn:aws:ecs:us-east-1:564571135814:cluster/eVision-cluster",
            "capacity_providers": [],
            "configuration": [],
            "default_capacity_provider_strategy": [],
            "id": "arn:aws:ecs:us-east-1:564571135814:cluster/eVision-cluster",
            "name": "eVision-cluster",
            "setting": [
              {
                "name": "containerInsights",
                "value": "disabled"
              }
            ],
            "tags": {},
            "tags_all": {}
          },
          "sensitive_attributes": [],
          "private": "bnVsbA=="
        }
      ]
    },
    {
      "mode": "managed",
      "type": "aws_ecs_service",
      "name": "eVision_service",
      "provider": "provider[\"registry.terraform.io/hashicorp/aws\"]",
      "instances": [
        {
          "schema_version": 0,
          "attributes": {
            "capacity_provider_strategy": [],
            "cluster": "arn:aws:ecs:us-east-1:564571135814:cluster/eVision-cluster",
            "deployment_circuit_breaker": [],
            "deployment_controller": [
              {
                "type": "CODE_DEPLOY"
              }
            ],
            "deployment_maximum_percent": 200,
            "deployment_minimum_healthy_percent": 100,
            "desired_count": 3,
            "enable_ecs_managed_tags": false,
            "enable_execute_command": false,
            "force_new_deployment": null,
            "health_check_grace_period_seconds": 0,
            "iam_role": "aws-service-role",
            "id": "arn:aws:ecs:us-east-1:564571135814:service/eVision-cluster/eVision-service",
            "launch_type": "FARGATE",
            "load_balancer": [
              {
                "container_name": "eVision-task",
                "container_port": 8080,
                "elb_name": "",
                "target_group_arn": "arn:aws:elasticloadbalancing:us-east-1:564571135814:targetgroup/eVision-tg-primary/b86558126fcddd45"
              }
            ],
            "name": "eVision-service",
            "network_configuration": [
              {
                "assign_public_ip": true,
                "security_groups": [
                  "sg-0fcaa608eff6bc957"
                ],
                "subnets": [
                  "subnet-0b083bbf28e9f806a",
                  "subnet-0d7c7aebbe7de53a8",
                  "subnet-0f5126090bd36b4a5"
                ]
              }
            ],
            "ordered_placement_strategy": [],
            "placement_constraints": [],
            "platform_version": "1.4.0",
            "propagate_tags": "NONE",
            "scheduling_strategy": "REPLICA",
            "service_registries": [],
            "tags": null,
            "tags_all": {},
            "task_definition": "arn:aws:ecs:us-east-1:564571135814:task-definition/eVision-task:10",
            "timeouts": null,
            "wait_for_steady_state": false
          },
          "sensitive_attributes": [],
          "private": "eyJlMmJmYjczMC1lY2FhLTExZTYtOGY4OC0zNDM2M2JjN2M0YzAiOnsiY3JlYXRlIjoxMjAwMDAwMDAwMDAwLCJkZWxldGUiOjEyMDAwMDAwMDAwMDAsInVwZGF0ZSI6MTIwMDAwMDAwMDAwMH19",
          "dependencies": [
            "aws_alb_listener.eVision_listener",
            "aws_alb_target_group.eVision_target_group",
            "aws_default_subnet.eVision_default_subnet_a",
            "aws_default_subnet.eVision_default_subnet_b",
            "aws_default_subnet.eVision_default_subnet_c",
            "aws_ecs_cluster.eVision_ecs_cluster",
            "aws_ecs_task_definition.eVision_task",
            "aws_security_group.eVision_service_sg"
          ]
        }
      ]
    },
    {
      "mode": "managed",
      "type": "aws_ecs_task_definition",
      "name": "eVision_task",
      "provider": "provider[\"registry.terraform.io/hashicorp/aws\"]",
      "instances": [
        {
          "schema_version": 1,
          "attributes": {
            "arn": "arn:aws:ecs:us-east-1:564571135814:task-definition/eVision-task:10",
            "container_definitions": "[{\"cpu\":256,\"environment\":[],\"essential\":true,\"image\":\"564571135814.dkr.ecr.us-east-1.amazonaws.com/evision\",\"memory\":512,\"mountPoints\":[],\"name\":\"eVision-task\",\"portMappings\":[{\"containerPort\":8080,\"hostPort\":8080,\"protocol\":\"tcp\"}],\"volumesFrom\":[]}]",
            "cpu": "256",
            "ephemeral_storage": [],
            "execution_role_arn": "arn:aws:iam::564571135814:role/AWSPipelineRoleTerraform",
            "family": "eVision-task",
            "id": "eVision-task",
            "inference_accelerator": [],
            "ipc_mode": "",
            "memory": "512",
            "network_mode": "awsvpc",
            "pid_mode": "",
            "placement_constraints": [],
            "proxy_configuration": [],
            "requires_compatibilities": [
              "FARGATE"
            ],
            "revision": 10,
            "runtime_platform": [],
            "skip_destroy": false,
            "tags": {},
            "tags_all": {},
            "task_role_arn": "",
            "volume": []
          },
          "sensitive_attributes": [],
          "private": "eyJzY2hlbWFfdmVyc2lvbiI6IjEifQ=="
        }
      ]
    },
    {
      "mode": "managed",
      "type": "aws_key_pair",
      "name": "pipeline",
      "provider": "provider[\"registry.terraform.io/hashicorp/aws\"]",
      "instances": [
        {
          "schema_version": 1,
          "attributes": {
            "arn": "arn:aws:ec2:us-east-1:564571135814:key-pair/PipelineTerraform",
            "fingerprint": "27:03:6e:63:d6:2b:3e:89:80:27:11:15:c1:f5:84:54",
            "id": "PipelineTerraform",
            "key_name": "PipelineTerraform",
            "key_name_prefix": "",
            "key_pair_id": "key-0463cc53908ded70c",
            "key_type": "rsa",
            "public_key": "ssh-rsa AAAAB3NzaC1yc2EAAAADAQABAAABgQDjf8l5Q1gFqQL43Mpav2OhKksPu7Qev4C1Dc2tpKRCmxqmuOEr3u1S5G/Ogx7ST4r2M8xjT1TphKNVTbxQUgbrBOD9IK8MiEcSAWSMdc34OOrbgWqxm8cVpbZQpSfpzdl2WUkragMkzEqZTNipWz0kmMhYDJjGQJglUpmaWJ0wRJzjZboKzPP9Qxo/T6q9pghufaD+YiUh0Sx0EAKIok1z/GbEda9vihKM3d3ln8vDlsRgG2Y6oQfeBFgtCiJ2+iVYMbbj5uIT92h+uTO4KGdHepNZsnTA0PIKfi4/Swr+Ngmy1vs2dhzgQC2V0wDKtUhkQZSjzhaky7NSJCZNN5+5+EMz6Cv//H4AaI7rh0GrTAHiMvtF33bAjROFlO5ux7RrXaeKY5txAX6zYnbC72eUkAEGHea7VFb9IfG7nenYaG9Bj4K0gJjfxZU1BqlCx/YPMYTqgNjWKJVWsHhIWe7UOGnxjYYVsHYRXbFzIP0lnCA/fNMFoXK+Wxp53dVGKv8= julia@MBP-Julia.N4",
            "tags": {},
            "tags_all": {}
          },
          "sensitive_attributes": [],
          "private": "eyJzY2hlbWFfdmVyc2lvbiI6IjEifQ=="
        }
      ]
    },
    {
      "mode": "managed",
      "type": "aws_s3_bucket",
      "name": "s3_artifacts_bucket",
      "provider": "provider[\"registry.terraform.io/hashicorp/aws\"]",
      "instances": [
        {
          "schema_version": 0,
          "attributes": {
            "acceleration_status": "",
            "acl": null,
            "arn": "arn:aws:s3:::evision",
            "bucket": "evision",
            "bucket_domain_name": "evision.s3.amazonaws.com",
            "bucket_prefix": null,
            "bucket_regional_domain_name": "evision.s3.amazonaws.com",
            "cors_rule": [],
            "force_destroy": false,
            "grant": [
              {
                "id": "b4b1939f4fa60a0447d96c71ebd488827f084370a1fd46a1f531353772794409",
                "permissions": [
                  "FULL_CONTROL"
                ],
                "type": "CanonicalUser",
                "uri": ""
              }
            ],
            "hosted_zone_id": "Z3AQBSTGFYJSTF",
            "id": "evision",
            "lifecycle_rule": [],
            "logging": [],
            "object_lock_configuration": [],
            "object_lock_enabled": false,
            "policy": "",
            "region": "us-east-1",
            "replication_configuration": [],
            "request_payer": "BucketOwner",
            "server_side_encryption_configuration": [],
            "tags": {},
            "tags_all": {},
            "timeouts": null,
            "versioning": [
              {
                "enabled": false,
                "mfa_delete": false
              }
            ],
            "website": [],
            "website_domain": null,
            "website_endpoint": null
          },
          "sensitive_attributes": [],
          "private": "eyJlMmJmYjczMC1lY2FhLTExZTYtOGY4OC0zNDM2M2JjN2M0YzAiOnsiY3JlYXRlIjoxMjAwMDAwMDAwMDAwLCJkZWxldGUiOjM2MDAwMDAwMDAwMDAsInJlYWQiOjEyMDAwMDAwMDAwMDAsInVwZGF0ZSI6MTIwMDAwMDAwMDAwMH19"
        }
      ]
    },
    {
      "mode": "managed",
      "type": "aws_security_group",
      "name": "eVision_lb_sg",
      "provider": "provider[\"registry.terraform.io/hashicorp/aws\"]",
      "instances": [
        {
          "schema_version": 1,
          "attributes": {
            "arn": "arn:aws:ec2:us-east-1:564571135814:security-group/sg-00027e2e6af09a26b",
            "description": "Managed by Terraform",
            "egress": [
              {
                "cidr_blocks": [
                  "0.0.0.0/0"
                ],
                "description": "",
                "from_port": 0,
                "ipv6_cidr_blocks": [],
                "prefix_list_ids": [],
                "protocol": "-1",
                "security_groups": [],
                "self": false,
                "to_port": 0
              }
            ],
            "id": "sg-00027e2e6af09a26b",
            "ingress": [
              {
                "cidr_blocks": [
                  "0.0.0.0/0"
                ],
                "description": "",
                "from_port": 80,
                "ipv6_cidr_blocks": [],
                "prefix_list_ids": [],
                "protocol": "tcp",
                "security_groups": [],
                "self": false,
                "to_port": 80
              }
            ],
            "name": "terraform-20221016205703177200000001",
            "name_prefix": "terraform-",
            "owner_id": "564571135814",
            "revoke_rules_on_delete": false,
            "tags": {},
            "tags_all": {},
            "timeouts": null,
            "vpc_id": "vpc-03e54d41b004a16bc"
          },
          "sensitive_attributes": [],
          "private": "eyJlMmJmYjczMC1lY2FhLTExZTYtOGY4OC0zNDM2M2JjN2M0YzAiOnsiY3JlYXRlIjo2MDAwMDAwMDAwMDAsImRlbGV0ZSI6OTAwMDAwMDAwMDAwfSwic2NoZW1hX3ZlcnNpb24iOiIxIn0="
        }
      ]
    },
    {
      "mode": "managed",
      "type": "aws_security_group",
      "name": "eVision_service_sg",
      "provider": "provider[\"registry.terraform.io/hashicorp/aws\"]",
      "instances": [
        {
          "schema_version": 1,
          "attributes": {
            "arn": "arn:aws:ec2:us-east-1:564571135814:security-group/sg-0fcaa608eff6bc957",
            "description": "Managed by Terraform",
            "egress": [
              {
                "cidr_blocks": [
                  "0.0.0.0/0"
                ],
                "description": "",
                "from_port": 0,
                "ipv6_cidr_blocks": [],
                "prefix_list_ids": [],
                "protocol": "-1",
                "security_groups": [],
                "self": false,
                "to_port": 0
              }
            ],
            "id": "sg-0fcaa608eff6bc957",
            "ingress": [
              {
                "cidr_blocks": [],
                "description": "",
                "from_port": 0,
                "ipv6_cidr_blocks": [],
                "prefix_list_ids": [],
                "protocol": "-1",
                "security_groups": [
                  "sg-00027e2e6af09a26b"
                ],
                "self": false,
                "to_port": 0
              }
            ],
            "name": "terraform-20221016205707924800000002",
            "name_prefix": "terraform-",
            "owner_id": "564571135814",
            "revoke_rules_on_delete": false,
            "tags": {},
            "tags_all": {},
            "timeouts": null,
            "vpc_id": "vpc-03e54d41b004a16bc"
          },
          "sensitive_attributes": [],
          "private": "eyJlMmJmYjczMC1lY2FhLTExZTYtOGY4OC0zNDM2M2JjN2M0YzAiOnsiY3JlYXRlIjo2MDAwMDAwMDAwMDAsImRlbGV0ZSI6OTAwMDAwMDAwMDAwfSwic2NoZW1hX3ZlcnNpb24iOiIxIn0=",
          "dependencies": [
            "aws_security_group.eVision_lb_sg"
          ]
        }
      ]
    },
    {
      "mode": "managed",
      "type": "random_string",
      "name": "eVision_github_secret",
      "provider": "provider[\"registry.terraform.io/hashicorp/random\"]",
      "instances": [
        {
          "schema_version": 2,
          "attributes": {
            "id": "NYl9hBCIiRlloOO5W6ZMGDuVAGwGTcCnDiFWMBHmaZHsxkISZzx2ragS2LyG5qvCH9ajyGbye29AYbeEy8XvZP2Hw36lplFVvC9",
            "keepers": null,
            "length": 99,
            "lower": true,
            "min_lower": 0,
            "min_numeric": 0,
            "min_special": 0,
            "min_upper": 0,
            "number": true,
            "numeric": true,
            "override_special": null,
            "result": "NYl9hBCIiRlloOO5W6ZMGDuVAGwGTcCnDiFWMBHmaZHsxkISZzx2ragS2LyG5qvCH9ajyGbye29AYbeEy8XvZP2Hw36lplFVvC9",
            "special": false,
            "upper": true
          },
          "sensitive_attributes": []
        }
      ]
    }
  ]
}
